
Microsoft Visual Studio Solution File, Format Version 12.00
# Visual Studio Version 16
VisualStudioVersion = 16.0.29424.173
MinimumVisualStudioVersion = 10.0.40219.1
Project("{9A19103F-16F7-4668-BE54-9A1E7A4F7556}") = "Labyrinth", "Labyrinth\Labyrinth.csproj", "{F61F8A5F-FBE9-4C44-80C7-2B4DFD3E6835}"
EndProject
Global
	GlobalSection(SolutionConfigurationPlatforms) = preSolution
		Debug|Any CPU = Debug|Any CPU
		Release|Any CPU = Release|Any CPU
	EndGlobalSection
	GlobalSection(ProjectConfigurationPlatforms) = postSolution
		{F61F8A5F-FBE9-4C44-80C7-2B4DFD3E6835}.Debug|Any CPU.ActiveCfg = Debug|Any CPU
		{F61F8A5F-FBE9-4C44-80C7-2B4DFD3E6835}.Debug|Any CPU.Build.0 = Debug|Any CPU
		{F61F8A5F-FBE9-4C44-80C7-2B4DFD3E6835}.Release|Any CPU.ActiveCfg = Release|Any CPU
		{F61F8A5F-FBE9-4C44-80C7-2B4DFD3E6835}.Release|Any CPU.Build.0 = Release|Any CPU
	EndGlobalSection
	GlobalSection(SolutionProperties) = preSolution
		HideSolutionNode = FALSE
	EndGlobalSection
	GlobalSection(ExtensibilityGlobals) = postSolution
		SolutionGuid = {D60F2B71-A0EB-4271-AE15-A237E148549A}
	EndGlobalSection
EndGlobal
